
Microsoft Visual Studio Solution File, Format Version 12.00
# Visual Studio 2012
Project("{FAE04EC0-301F-11D3-BF4B-00C04F79EFBC}") = "XmlReader的使用", "XmlReader与XmlWriter的使用\XmlReader的使用.csproj", "{ABD955A1-CE16-4112-9665-51A61A862EFF}"
EndProject
Global
	GlobalSection(SolutionConfigurationPlatforms) = preSolution
		Debug|Any CPU = Debug|Any CPU
		Release|Any CPU = Release|Any CPU
	EndGlobalSection
	GlobalSection(ProjectConfigurationPlatforms) = postSolution
		{ABD955A1-CE16-4112-9665-51A61A862EFF}.Debug|Any CPU.ActiveCfg = Debug|Any CPU
		{ABD955A1-CE16-4112-9665-51A61A862EFF}.Debug|Any CPU.Build.0 = Debug|Any CPU
		{ABD955A1-CE16-4112-9665-51A61A862EFF}.Release|Any CPU.ActiveCfg = Release|Any CPU
		{ABD955A1-CE16-4112-9665-51A61A862EFF}.Release|Any CPU.Build.0 = Release|Any CPU
	EndGlobalSection
	GlobalSection(SolutionProperties) = preSolution
		HideSolutionNode = FALSE
	EndGlobalSection
EndGlobal
